# This file is automatically @generated by Poetry 1.5.1 and should not be changed by hand.

[[package]]
name = "gentools"
version = "1.2.1"
description = "Tools for generators, generator functions, and generator-based coroutines"
optional = false
python-versions = ">=3.7,<4.0"
files = [
    {file = "gentools-1.2.1-py3-none-any.whl", hash = "sha256:5c2009b5da6ff66a763fc368d0f654e1b3d47ad8eafabb8d3ea813d6285ebd09"},
    {file = "gentools-1.2.1.tar.gz", hash = "sha256:1f400331df1f442b5a71976c0feb56dcd7503b0fddaf8c883642a09b9e98bb92"},
]

[[package]]
name = "quiz"
version = "0.3.2"
description = "Capable GraphQL client"
optional = false
python-versions = ">=3.7,<4.0"
files = [
    {file = "quiz-0.3.2-py3-none-any.whl", hash = "sha256:d4d58c1ac196450e263a1e6a644ce2410cf6cdaa94982f19d936f3d4484eb6e3"},
    {file = "quiz-0.3.2.tar.gz", hash = "sha256:c4e858e7ea4ee269d22210d0b5f0203847a475e687d4f5d81bcc6f0c1b713cce"},
]

[package.dependencies]
gentools = ">=1.2.0,<2.0.0"
snug = ">=2.2.0,<3.0.0"

[[package]]
name = "snug"
version = "2.4.0"
description = "Write reusable web API interactions"
optional = false
python-versions = ">=3.7,<4.0"
files = [
    {file = "snug-2.4.0-py3-none-any.whl", hash = "sha256:a5944a0ec113e7e1c8093b7ad6f534feee35647bece1b44620f2f27c578f91a8"},
    {file = "snug-2.4.0.tar.gz", hash = "sha256:771822da26a2e2cd4154a6e0358c3b2fda8c269925517158d83a3dbb9b913194"},
]

[package.extras]
aiohttp = ["aiohttp (>=3.4.4,<4.0.0)"]
httpx = ["httpx (>=0.21.1,<0.23.0)"]
requests = ["requests (>=2.20,<3.0)"]

[metadata]
lock-version = "2.0"
python-versions = ">=3.10.0,<3.11"
content-hash = "83a405ae3df58c80c47f0cdcc34674e675e4c3541a3c50071d2141c7902fd3c2"
